Microsoft Visual Studio Solution File, Format Version 12.00
# Visual Studio 15
VisualStudioVersion = 15.0.28010.2016
MinimumVisualStudioVersion = 10.0.40219.1
Project("{F184B08F-C81C-45F6-A57F-5ABD9991F28F}") = "E2442_UnboundDataFromDetail", "E2442_UnboundDataFromDetail\E2442_UnboundDataFromDetail.vbproj", "{E9A46447-624C-4E8F-B980-DA0ED270582D}"
EndProject
Global
	GlobalSection(SolutionConfigurationPlatforms) = preSolution
		Debug|Any CPU = Debug|Any CPU
		Debug|x86 = Debug|x86
		Release|Any CPU = Release|Any CPU
		Release|x86 = Release|x86
	EndGlobalSection
	GlobalSection(ProjectConfigurationPlatforms) = postSolution
		{E9A46447-624C-4E8F-B980-DA0ED270582D}.Debug|Any CPU.ActiveCfg = Debug|Any CPU
		{E9A46447-624C-4E8F-B980-DA0ED270582D}.Debug|Any CPU.Build.0 = Debug|Any CPU
		{E9A46447-624C-4E8F-B980-DA0ED270582D}.Debug|x86.ActiveCfg = Debug|x86
		{E9A46447-624C-4E8F-B980-DA0ED270582D}.Debug|x86.Build.0 = Debug|x86
		{E9A46447-624C-4E8F-B980-DA0ED270582D}.Release|Any CPU.ActiveCfg = Release|Any CPU
		{E9A46447-624C-4E8F-B980-DA0ED270582D}.Release|Any CPU.Build.0 = Release|Any CPU
		{E9A46447-624C-4E8F-B980-DA0ED270582D}.Release|x86.ActiveCfg = Release|x86
		{E9A46447-624C-4E8F-B980-DA0ED270582D}.Release|x86.Build.0 = Release|x86
	EndGlobalSection
	GlobalSection(SolutionProperties) = preSolution
		HideSolutionNode = FALSE
	EndGlobalSection
	GlobalSection(ExtensibilityGlobals) = postSolution
		SolutionGuid = {45480EDD-EB31-4C00-A02E-F2F18D8422B8}
	EndGlobalSection
EndGlobal
